
Microsoft Visual Studio Solution File, Format Version 12.00
# Visual Studio Version 16
VisualStudioVersion = 16.0.31019.35
MinimumVisualStudioVersion = 10.0.40219.1
Project("{FAE04EC0-301F-11D3-BF4B-00C04F79EFBC}") = "Day_20_Sorting", "Day_20_Sorting.csproj", "{AE189665-D0B6-4E7E-942D-7B56401A8E00}"
EndProject
Global
	GlobalSection(SolutionConfigurationPlatforms) = preSolution
		Debug|Any CPU = Debug|Any CPU
		Release|Any CPU = Release|Any CPU
	EndGlobalSection
	GlobalSection(ProjectConfigurationPlatforms) = postSolution
		{AE189665-D0B6-4E7E-942D-7B56401A8E00}.Debug|Any CPU.ActiveCfg = Debug|Any CPU
		{AE189665-D0B6-4E7E-942D-7B56401A8E00}.Debug|Any CPU.Build.0 = Debug|Any CPU
		{AE189665-D0B6-4E7E-942D-7B56401A8E00}.Release|Any CPU.ActiveCfg = Release|Any CPU
		{AE189665-D0B6-4E7E-942D-7B56401A8E00}.Release|Any CPU.Build.0 = Release|Any CPU
	EndGlobalSection
	GlobalSection(SolutionProperties) = preSolution
		HideSolutionNode = FALSE
	EndGlobalSection
	GlobalSection(ExtensibilityGlobals) = postSolution
		SolutionGuid = {81969CBF-F902-4056-85A2-01D406BA2A82}
	EndGlobalSection
EndGlobal
