
Microsoft Visual Studio Solution File, Format Version 12.00
# Visual Studio Version 16
VisualStudioVersion = 16.0.30907.101
MinimumVisualStudioVersion = 10.0.40219.1
Project("{FAE04EC0-301F-11D3-BF4B-00C04F79EFBC}") = "Day_5_Loops", "Day_5_Loops.csproj", "{E16C03F9-D361-432B-A2DD-9237B84DC178}"
EndProject
Global
	GlobalSection(SolutionConfigurationPlatforms) = preSolution
		Debug|Any CPU = Debug|Any CPU
		Release|Any CPU = Release|Any CPU
	EndGlobalSection
	GlobalSection(ProjectConfigurationPlatforms) = postSolution
		{E16C03F9-D361-432B-A2DD-9237B84DC178}.Debug|Any CPU.ActiveCfg = Debug|Any CPU
		{E16C03F9-D361-432B-A2DD-9237B84DC178}.Debug|Any CPU.Build.0 = Debug|Any CPU
		{E16C03F9-D361-432B-A2DD-9237B84DC178}.Release|Any CPU.ActiveCfg = Release|Any CPU
		{E16C03F9-D361-432B-A2DD-9237B84DC178}.Release|Any CPU.Build.0 = Release|Any CPU
	EndGlobalSection
	GlobalSection(SolutionProperties) = preSolution
		HideSolutionNode = FALSE
	EndGlobalSection
	GlobalSection(ExtensibilityGlobals) = postSolution
		SolutionGuid = {26270F82-8695-4A63-BED2-107F292ED55A}
	EndGlobalSection
EndGlobal
