
Microsoft Visual Studio Solution File, Format Version 12.00
# Visual Studio Version 16
VisualStudioVersion = 16.0.31019.35
MinimumVisualStudioVersion = 10.0.40219.1
Project("{FAE04EC0-301F-11D3-BF4B-00C04F79EFBC}") = "Day_25_Running_Time_And_Complexity", "Day_25_Running_Time_And_Complexity.csproj", "{8305468F-9B69-461F-B158-B03A248E0E75}"
EndProject
Global
	GlobalSection(SolutionConfigurationPlatforms) = preSolution
		Debug|Any CPU = Debug|Any CPU
		Release|Any CPU = Release|Any CPU
	EndGlobalSection
	GlobalSection(ProjectConfigurationPlatforms) = postSolution
		{8305468F-9B69-461F-B158-B03A248E0E75}.Debug|Any CPU.ActiveCfg = Debug|Any CPU
		{8305468F-9B69-461F-B158-B03A248E0E75}.Debug|Any CPU.Build.0 = Debug|Any CPU
		{8305468F-9B69-461F-B158-B03A248E0E75}.Release|Any CPU.ActiveCfg = Release|Any CPU
		{8305468F-9B69-461F-B158-B03A248E0E75}.Release|Any CPU.Build.0 = Release|Any CPU
	EndGlobalSection
	GlobalSection(SolutionProperties) = preSolution
		HideSolutionNode = FALSE
	EndGlobalSection
	GlobalSection(ExtensibilityGlobals) = postSolution
		SolutionGuid = {EA966B96-2E4A-4DBC-9540-4FD6D83E1CD3}
	EndGlobalSection
EndGlobal
