
Microsoft Visual Studio Solution File, Format Version 12.00
# Visual Studio Version 16
VisualStudioVersion = 16.0.30907.101
MinimumVisualStudioVersion = 10.0.40219.1
Project("{FAE04EC0-301F-11D3-BF4B-00C04F79EFBC}") = "Day_8_Dictionaries_And_Maps", "Day_8_Dictionaries_And_Maps.csproj", "{DB3ADE77-21CF-4C20-B255-3B0C5A819E14}"
EndProject
Global
	GlobalSection(SolutionConfigurationPlatforms) = preSolution
		Debug|Any CPU = Debug|Any CPU
		Release|Any CPU = Release|Any CPU
	EndGlobalSection
	GlobalSection(ProjectConfigurationPlatforms) = postSolution
		{DB3ADE77-21CF-4C20-B255-3B0C5A819E14}.Debug|Any CPU.ActiveCfg = Debug|Any CPU
		{DB3ADE77-21CF-4C20-B255-3B0C5A819E14}.Debug|Any CPU.Build.0 = Debug|Any CPU
		{DB3ADE77-21CF-4C20-B255-3B0C5A819E14}.Release|Any CPU.ActiveCfg = Release|Any CPU
		{DB3ADE77-21CF-4C20-B255-3B0C5A819E14}.Release|Any CPU.Build.0 = Release|Any CPU
	EndGlobalSection
	GlobalSection(SolutionProperties) = preSolution
		HideSolutionNode = FALSE
	EndGlobalSection
	GlobalSection(ExtensibilityGlobals) = postSolution
		SolutionGuid = {68C42763-3C12-4762-B822-ED81B3B70B8E}
	EndGlobalSection
EndGlobal
