
Microsoft Visual Studio Solution File, Format Version 12.00
# Visual Studio Version 16
VisualStudioVersion = 16.0.31019.35
MinimumVisualStudioVersion = 10.0.40219.1
Project("{FAE04EC0-301F-11D3-BF4B-00C04F79EFBC}") = "Day_26_Nested_Logic", "Day_26_Nested_Logic.csproj", "{C58AD681-AAE3-4ACD-9882-9F0EA22B9E1F}"
EndProject
Global
	GlobalSection(SolutionConfigurationPlatforms) = preSolution
		Debug|Any CPU = Debug|Any CPU
		Release|Any CPU = Release|Any CPU
	EndGlobalSection
	GlobalSection(ProjectConfigurationPlatforms) = postSolution
		{C58AD681-AAE3-4ACD-9882-9F0EA22B9E1F}.Debug|Any CPU.ActiveCfg = Debug|Any CPU
		{C58AD681-AAE3-4ACD-9882-9F0EA22B9E1F}.Debug|Any CPU.Build.0 = Debug|Any CPU
		{C58AD681-AAE3-4ACD-9882-9F0EA22B9E1F}.Release|Any CPU.ActiveCfg = Release|Any CPU
		{C58AD681-AAE3-4ACD-9882-9F0EA22B9E1F}.Release|Any CPU.Build.0 = Release|Any CPU
	EndGlobalSection
	GlobalSection(SolutionProperties) = preSolution
		HideSolutionNode = FALSE
	EndGlobalSection
	GlobalSection(ExtensibilityGlobals) = postSolution
		SolutionGuid = {7692187B-F8CF-4161-8CC5-35E2B6D625FA}
	EndGlobalSection
EndGlobal
